[root]
name = "chip8_emu"
version = "0.0.0"
dependencies = [
 "sdl2 0.0.1-alpha.1 (git+https://github.com/AngryLawyer/rust-sdl2.git#b8c95a4b0b586ce35e55916d52fc1a99a3afbb70)",
]

[[package]]
name = "sdl2"
version = "0.0.1-alpha.1"
source = "git+https://github.com/AngryLawyer/rust-sdl2.git#b8c95a4b0b586ce35e55916d52fc1a99a3afbb70"

