[root]
name = "chip8_emu"
version = "0.0.1"
dependencies = [
 "sdl2 0.0.1-alpha.1 (git+https://github.com/AngryLawyer/rust-sdl2.git#c8a3c7afc0974df68e8996cce7f25fb9f827ef77)",
]

[[package]]
name = "sdl2"
version = "0.0.1-alpha.1"
source = "git+https://github.com/AngryLawyer/rust-sdl2.git#c8a3c7afc0974df68e8996cce7f25fb9f827ef77"

